{
  "lockfileVersion": 1,
  "configVersion": 0,
  "workspaces": {
    "": {
      "name": "backend",
      "dependencies": {
        "@trpc/server": "^11.8.1",
        "zod": "^4.3.5",
      },
      "devDependencies": {
        "@types/bun": "latest",
      },
      "peerDependencies": {
        "typescript": "^5",
      },
    },
  },
  "packages": {
    "@trpc/server": ["@trpc/server@11.8.1", "", { "peerDependencies": { "typescript": ">=5.7.2" } }, "sha512-P4rzZRpEL7zDFgjxK65IdyH0e41FMFfTkQkuq0BA5tKcr7E6v9/v38DEklCpoDN6sPiB1Sigy/PUEzHENhswDA=="],

    "@types/bun": ["@types/bun@1.3.5", "", { "dependencies": { "bun-types": "1.3.5" } }, "sha512-RnygCqNrd3srIPEWBd5LFeUYG7plCoH2Yw9WaZGyNmdTEei+gWaHqydbaIRkIkcbXwhBT94q78QljxN0Sk838w=="],

    "@types/node": ["@types/node@25.0.3", "", { "dependencies": { "undici-types": "~7.16.0" } }, ""],

    "bun-types": ["bun-types@1.3.5", "", { "dependencies": { "@types/node": "*" } }, ""],

    "typescript": ["typescript@5.9.3", "", { "bin": { "tsc": "bin/tsc", "tsserver": "bin/tsserver" } }, ""],

    "undici-types": ["undici-types@7.16.0", "", {}, ""],

    "zod": ["zod@4.3.5", "", {}, "sha512-k7Nwx6vuWx1IJ9Bjuf4Zt1PEllcwe7cls3VNzm4CQ1/hgtFUK2bRNG3rvnpPUhFjmqJKAKtjV576KnUkHocg/g=="],
  }
}
